// !$*UTF8*$!
{
	archiveVersion = 1;
	classes = {
	};
	objectVersion = 50;
	objects = {

/* Begin PBXBuildFile section */
		C437839C23CD03E300B02D36 /* AppDelegate.swift in Sources */ = {isa = PBXBuildFile; fileRef = C437839B23CD03E300B02D36 /* AppDelegate.swift */; };
		C437839E23CD03E300B02D36 /* SceneDelegate.swift in Sources */ = {isa = PBXBuildFile; fileRef = C437839D23CD03E300B02D36 /* SceneDelegate.swift */; };
		C43783A023CD03E300B02D36 /* ViewController.swift in Sources */ = {isa = PBXBuildFile; fileRef = C437839F23CD03E300B02D36 /* ViewController.swift */; };
		C43783A323CD03E300B02D36 /* Main.storyboard in Resources */ = {isa = PBXBuildFile; fileRef = C43783A123CD03E300B02D36 /* Main.storyboard */; };
		C43783A523CD03E500B02D36 /* Assets.xcassets in Resources */ = {isa = PBXBuildFile; fileRef = C43783A423CD03E500B02D36 /* Assets.xcassets */; };
		C43783A823CD03E500B02D36 /* LaunchScreen.storyboard in Resources */ = {isa = PBXBuildFile; fileRef = C43783A623CD03E500B02D36 /* LaunchScreen.storyboard */; };
		C43783B323CD03E500B02D36 /* UserDefaultsTests.swift in Sources */ = {isa = PBXBuildFile; fileRef = C43783B223CD03E500B02D36 /* UserDefaultsTests.swift */; };
		C43783C223CD054C00B02D36 /* NetworkError.swift in Sources */ = {isa = PBXBuildFile; fileRef = C43783C123CD054C00B02D36 /* NetworkError.swift */; };
		C43783C423CD05A600B02D36 /* NetworkHelper.swift in Sources */ = {isa = PBXBuildFile; fileRef = C43783C323CD05A600B02D36 /* NetworkHelper.swift */; };
		C43783C723CD074E00B02D36 /* HoroscopeAPI.swift in Sources */ = {isa = PBXBuildFile; fileRef = C43783C623CD074E00B02D36 /* HoroscopeAPI.swift */; };
		C43783CA23CD07E800B02D36 /* Horoscope.swift in Sources */ = {isa = PBXBuildFile; fileRef = C43783C923CD07E800B02D36 /* Horoscope.swift */; };
/* End PBXBuildFile section */

/* Begin PBXContainerItemProxy section */
		C43783AF23CD03E500B02D36 /* PBXContainerItemProxy */ = {
			isa = PBXContainerItemProxy;
			containerPortal = C437839023CD03E300B02D36 /* Project object */;
			proxyType = 1;
			remoteGlobalIDString = C437839723CD03E300B02D36;
			remoteInfo = UserDefaults;
		};
/* End PBXContainerItemProxy section */

/* Begin PBXFileReference section */
		C437839823CD03E300B02D36 /* UserDefaults.app */ = {isa = PBXFileReference; explicitFileType = wrapper.application; includeInIndex = 0; path = UserDefaults.app; sourceTree = BUILT_PRODUCTS_DIR; };
		C437839B23CD03E300B02D36 /* AppDelegate.swift */ = {isa = PBXFileReference; lastKnownFileType = sourcecode.swift; path = AppDelegate.swift; sourceTree = "<group>"; };
		C437839D23CD03E300B02D36 /* SceneDelegate.swift */ = {isa = PBXFileReference; lastKnownFileType = sourcecode.swift; path = SceneDelegate.swift; sourceTree = "<group>"; };
		C437839F23CD03E300B02D36 /* ViewController.swift */ = {isa = PBXFileReference; lastKnownFileType = sourcecode.swift; path = ViewController.swift; sourceTree = "<group>"; };
		C43783A223CD03E300B02D36 /* Base */ = {isa = PBXFileReference; lastKnownFileType = file.storyboard; name = Base; path = Base.lproj/Main.storyboard; sourceTree = "<group>"; };
		C43783A423CD03E500B02D36 /* Assets.xcassets */ = {isa = PBXFileReference; lastKnownFileType = folder.assetcatalog; path = Assets.xcassets; sourceTree = "<group>"; };
		C43783A723CD03E500B02D36 /* Base */ = {isa = PBXFileReference; lastKnownFileType = file.storyboard; name = Base; path = Base.lproj/LaunchScreen.storyboard; sourceTree = "<group>"; };
		C43783A923CD03E500B02D36 /* Info.plist */ = {isa = PBXFileReference; lastKnownFileType = text.plist.xml; path = Info.plist; sourceTree = "<group>"; };
		C43783AE23CD03E500B02D36 /* UserDefaultsTests.xctest */ = {isa = PBXFileReference; explicitFileType = wrapper.cfbundle; includeInIndex = 0; path = UserDefaultsTests.xctest; sourceTree = BUILT_PRODUCTS_DIR; };
		C43783B223CD03E500B02D36 /* UserDefaultsTests.swift */ = {isa = PBXFileReference; lastKnownFileType = sourcecode.swift; path = UserDefaultsTests.swift; sourceTree = "<group>"; };
		C43783B423CD03E500B02D36 /* Info.plist */ = {isa = PBXFileReference; lastKnownFileType = text.plist.xml; path = Info.plist; sourceTree = "<group>"; };
		C43783C123CD054C00B02D36 /* NetworkError.swift */ = {isa = PBXFileReference; lastKnownFileType = sourcecode.swift; path = NetworkError.swift; sourceTree = "<group>"; };
		C43783C323CD05A600B02D36 /* NetworkHelper.swift */ = {isa = PBXFileReference; lastKnownFileType = sourcecode.swift; path = NetworkHelper.swift; sourceTree = "<group>"; };
		C43783C623CD074E00B02D36 /* HoroscopeAPI.swift */ = {isa = PBXFileReference; lastKnownFileType = sourcecode.swift; path = HoroscopeAPI.swift; sourceTree = "<group>"; };
		C43783C923CD07E800B02D36 /* Horoscope.swift */ = {isa = PBXFileReference; lastKnownFileType = sourcecode.swift; path = Horoscope.swift; sourceTree = "<group>"; };
/* End PBXFileReference section */

/* Begin PBXFrameworksBuildPhase section */
		C437839523CD03E300B02D36 /* Frameworks */ = {
			isa = PBXFrameworksBuildPhase;
			buildActionMask = 2147483647;
			files = (
			);
			runOnlyForDeploymentPostprocessing = 0;
		};
		C43783AB23CD03E500B02D36 /* Frameworks */ = {
			isa = PBXFrameworksBuildPhase;
			buildActionMask = 2147483647;
			files = (
			);
			runOnlyForDeploymentPostprocessing = 0;
		};
/* End PBXFrameworksBuildPhase section */

/* Begin PBXGroup section */
		C437838F23CD03E300B02D36 = {
			isa = PBXGroup;
			children = (
				C437839A23CD03E300B02D36 /* UserDefaults */,
				C43783B123CD03E500B02D36 /* UserDefaultsTests */,
				C437839923CD03E300B02D36 /* Products */,
			);
			sourceTree = "<group>";
		};
		C437839923CD03E300B02D36 /* Products */ = {
			isa = PBXGroup;
			children = (
				C437839823CD03E300B02D36 /* UserDefaults.app */,
				C43783AE23CD03E500B02D36 /* UserDefaultsTests.xctest */,
			);
			name = Products;
			sourceTree = "<group>";
		};
		C437839A23CD03E300B02D36 /* UserDefaults */ = {
			isa = PBXGroup;
			children = (
				C43783C523CD073C00B02D36 /* Model */,
				C43783C023CD044700B02D36 /* NetworkHelper */,
				C43783BF23CD044100B02D36 /* ViewControllers */,
				C43783BE23CD040A00B02D36 /* Storyboards */,
				C43783BD23CD03F400B02D36 /* Supporting Files */,
				C43783A923CD03E500B02D36 /* Info.plist */,
			);
			path = UserDefaults;
			sourceTree = "<group>";
		};
		C43783B123CD03E500B02D36 /* UserDefaultsTests */ = {
			isa = PBXGroup;
			children = (
				C43783B223CD03E500B02D36 /* UserDefaultsTests.swift */,
				C43783B423CD03E500B02D36 /* Info.plist */,
			);
			path = UserDefaultsTests;
			sourceTree = "<group>";
		};
		C43783BD23CD03F400B02D36 /* Supporting Files */ = {
			isa = PBXGroup;
			children = (
				C437839B23CD03E300B02D36 /* AppDelegate.swift */,
				C437839D23CD03E300B02D36 /* SceneDelegate.swift */,
				C43783A423CD03E500B02D36 /* Assets.xcassets */,
			);
			path = "Supporting Files";
			sourceTree = "<group>";
		};
		C43783BE23CD040A00B02D36 /* Storyboards */ = {
			isa = PBXGroup;
			children = (
				C43783A123CD03E300B02D36 /* Main.storyboard */,
				C43783A623CD03E500B02D36 /* LaunchScreen.storyboard */,
			);
			path = Storyboards;
			sourceTree = "<group>";
		};
		C43783BF23CD044100B02D36 /* ViewControllers */ = {
			isa = PBXGroup;
			children = (
				C437839F23CD03E300B02D36 /* ViewController.swift */,
			);
			path = ViewControllers;
			sourceTree = "<group>";
		};
		C43783C023CD044700B02D36 /* NetworkHelper */ = {
			isa = PBXGroup;
			children = (
				C43783C123CD054C00B02D36 /* NetworkError.swift */,
				C43783C323CD05A600B02D36 /* NetworkHelper.swift */,
			);
			path = NetworkHelper;
			sourceTree = "<group>";
		};
		C43783C523CD073C00B02D36 /* Model */ = {
			isa = PBXGroup;
			children = (
				C43783C623CD074E00B02D36 /* HoroscopeAPI.swift */,
				C43783C923CD07E800B02D36 /* Horoscope.swift */,
			);
			path = Model;
			sourceTree = "<group>";
		};
/* End PBXGroup section */

/* Begin PBXNativeTarget section */
		C437839723CD03E300B02D36 /* UserDefaults */ = {
			isa = PBXNativeTarget;
			buildConfigurationList = C43783B723CD03E500B02D36 /* Build configuration list for PBXNativeTarget "UserDefaults" */;
			buildPhases = (
				C437839423CD03E300B02D36 /* Sources */,
				C437839523CD03E300B02D36 /* Frameworks */,
				C437839623CD03E300B02D36 /* Resources */,
			);
			buildRules = (
			);
			dependencies = (
			);
			name = UserDefaults;
			productName = UserDefaults;
			productReference = C437839823CD03E300B02D36 /* UserDefaults.app */;
			productType = "com.apple.product-type.application";
		};
		C43783AD23CD03E500B02D36 /* UserDefaultsTests */ = {
			isa = PBXNativeTarget;
			buildConfigurationList = C43783BA23CD03E500B02D36 /* Build configuration list for PBXNativeTarget "UserDefaultsTests" */;
			buildPhases = (
				C43783AA23CD03E500B02D36 /* Sources */,
				C43783AB23CD03E500B02D36 /* Frameworks */,
				C43783AC23CD03E500B02D36 /* Resources */,
			);
			buildRules = (
			);
			dependencies = (
				C43783B023CD03E500B02D36 /* PBXTargetDependency */,
			);
			name = UserDefaultsTests;
			productName = UserDefaultsTests;
			productReference = C43783AE23CD03E500B02D36 /* UserDefaultsTests.xctest */;
			productType = "com.apple.product-type.bundle.unit-test";
		};
/* End PBXNativeTarget section */

/* Begin PBXProject section */
		C437839023CD03E300B02D36 /* Project object */ = {
			isa = PBXProject;
			attributes = {
				LastSwiftUpdateCheck = 1130;
				LastUpgradeCheck = 1130;
				ORGANIZATIONNAME = "Cameron Rivera";
				TargetAttributes = {
					C437839723CD03E300B02D36 = {
						CreatedOnToolsVersion = 11.3;
					};
					C43783AD23CD03E500B02D36 = {
						CreatedOnToolsVersion = 11.3;
						TestTargetID = C437839723CD03E300B02D36;
					};
				};
			};
			buildConfigurationList = C437839323CD03E300B02D36 /* Build configuration list for PBXProject "UserDefaults" */;
			compatibilityVersion = "Xcode 9.3";
			developmentRegion = en;
			hasScannedForEncodings = 0;
			knownRegions = (
				en,
				Base,
			);
			mainGroup = C437838F23CD03E300B02D36;
			productRefGroup = C437839923CD03E300B02D36 /* Products */;
			projectDirPath = "";
			projectRoot = "";
			targets = (
				C437839723CD03E300B02D36 /* UserDefaults */,
				C43783AD23CD03E500B02D36 /* UserDefaultsTests */,
			);
		};
/* End PBXProject section */

/* Begin PBXResourcesBuildPhase section */
		C437839623CD03E300B02D36 /* Resources */ = {
			isa = PBXResourcesBuildPhase;
			buildActionMask = 2147483647;
			files = (
				C43783A823CD03E500B02D36 /* LaunchScreen.storyboard in Resources */,
				C43783A523CD03E500B02D36 /* Assets.xcassets in Resources */,
				C43783A323CD03E300B02D36 /* Main.storyboard in Resources */,
			);
			runOnlyForDeploymentPostprocessing = 0;
		};
		C43783AC23CD03E500B02D36 /* Resources */ = {
			isa = PBXResourcesBuildPhase;
			buildActionMask = 2147483647;
			files = (
			);
			runOnlyForDeploymentPostprocessing = 0;
		};
/* End PBXResourcesBuildPhase section */

/* Begin PBXSourcesBuildPhase section */
		C437839423CD03E300B02D36 /* Sources */ = {
			isa = PBXSourcesBuildPhase;
			buildActionMask = 2147483647;
			files = (
				C43783A023CD03E300B02D36 /* ViewController.swift in Sources */,
				C43783CA23CD07E800B02D36 /* Horoscope.swift in Sources */,
				C43783C223CD054C00B02D36 /* NetworkError.swift in Sources */,
				C43783C423CD05A600B02D36 /* NetworkHelper.swift in Sources */,
				C43783C723CD074E00B02D36 /* HoroscopeAPI.swift in Sources */,
				C437839C23CD03E300B02D36 /* AppDelegate.swift in Sources */,
				C437839E23CD03E300B02D36 /* SceneDelegate.swift in Sources */,
			);
			runOnlyForDeploymentPostprocessing = 0;
		};
		C43783AA23CD03E500B02D36 /* Sources */ = {
			isa = PBXSourcesBuildPhase;
			buildActionMask = 2147483647;
			files = (
				C43783B323CD03E500B02D36 /* UserDefaultsTests.swift in Sources */,
			);
			runOnlyForDeploymentPostprocessing = 0;
		};
/* End PBXSourcesBuildPhase section */

/* Begin PBXTargetDependency section */
		C43783B023CD03E500B02D36 /* PBXTargetDependency */ = {
			isa = PBXTargetDependency;
			target = C437839723CD03E300B02D36 /* UserDefaults */;
			targetProxy = C43783AF23CD03E500B02D36 /* PBXContainerItemProxy */;
		};
/* End PBXTargetDependency section */

/* Begin PBXVariantGroup section */
		C43783A123CD03E300B02D36 /* Main.storyboard */ = {
			isa = PBXVariantGroup;
			children = (
				C43783A223CD03E300B02D36 /* Base */,
			);
			name = Main.storyboard;
			sourceTree = "<group>";
		};
		C43783A623CD03E500B02D36 /* LaunchScreen.storyboard */ = {
			isa = PBXVariantGroup;
			children = (
				C43783A723CD03E500B02D36 /* Base */,
			);
			name = LaunchScreen.storyboard;
			sourceTree = "<group>";
		};
/* End PBXVariantGroup section */

/* Begin XCBuildConfiguration section */
		C43783B523CD03E500B02D36 /* Debug */ = {
			isa = XCBuildConfiguration;
			buildSettings = {
				ALWAYS_SEARCH_USER_PATHS = NO;
				CLANG_ANALYZER_NONNULL = YES;
				CLANG_ANALYZER_NUMBER_OBJECT_CONVERSION = YES_AGGRESSIVE;
				CLANG_CXX_LANGUAGE_STANDARD = "gnu++14";
				CLANG_CXX_LIBRARY = "libc++";
				CLANG_ENABLE_MODULES = YES;
				CLANG_ENABLE_OBJC_ARC = YES;
				CLANG_ENABLE_OBJC_WEAK = YES;
				CLANG_WARN_BLOCK_CAPTURE_AUTORELEASING = YES;
				CLANG_WARN_BOOL_CONVERSION = YES;
				CLANG_WARN_COMMA = YES;
				CLANG_WARN_CONSTANT_CONVERSION = YES;
				CLANG_WARN_DEPRECATED_OBJC_IMPLEMENTATIONS = YES;
				CLANG_WARN_DIRECT_OBJC_ISA_USAGE = YES_ERROR;
				CLANG_WARN_DOCUMENTATION_COMMENTS = YES;
				CLANG_WARN_EMPTY_BODY = YES;
				CLANG_WARN_ENUM_CONVERSION = YES;
				CLANG_WARN_INFINITE_RECURSION = YES;
				CLANG_WARN_INT_CONVERSION = YES;
				CLANG_WARN_NON_LITERAL_NULL_CONVERSION = YES;
				CLANG_WARN_OBJC_IMPLICIT_RETAIN_SELF = YES;
				CLANG_WARN_OBJC_LITERAL_CONVERSION = YES;
				CLANG_WARN_OBJC_ROOT_CLASS = YES_ERROR;
				CLANG_WARN_RANGE_LOOP_ANALYSIS = YES;
				CLANG_WARN_STRICT_PROTOTYPES = YES;
				CLANG_WARN_SUSPICIOUS_MOVE = YES;
				CLANG_WARN_UNGUARDED_AVAILABILITY = YES_AGGRESSIVE;
				CLANG_WARN_UNREACHABLE_CODE = YES;
				CLANG_WARN__DUPLICATE_METHOD_MATCH = YES;
				COPY_PHASE_STRIP = NO;
				DEBUG_INFORMATION_FORMAT = dwarf;
				ENABLE_STRICT_OBJC_MSGSEND = YES;
				ENABLE_TESTABILITY = YES;
				GCC_C_LANGUAGE_STANDARD = gnu11;
				GCC_DYNAMIC_NO_PIC = NO;
				GCC_NO_COMMON_BLOCKS = YES;
				GCC_OPTIMIZATION_LEVEL = 0;
				GCC_PREPROCESSOR_DEFINITIONS = (
					"DEBUG=1",
					"$(inherited)",
				);
				GCC_WARN_64_TO_32_BIT_CONVERSION = YES;
				GCC_WARN_ABOUT_RETURN_TYPE = YES_ERROR;
				GCC_WARN_UNDECLARED_SELECTOR = YES;
				GCC_WARN_UNINITIALIZED_AUTOS = YES_AGGRESSIVE;
				GCC_WARN_UNUSED_FUNCTION = YES;
				GCC_WARN_UNUSED_VARIABLE = YES;
				IPHONEOS_DEPLOYMENT_TARGET = 13.2;
				MTL_ENABLE_DEBUG_INFO = INCLUDE_SOURCE;
				MTL_FAST_MATH = YES;
				ONLY_ACTIVE_ARCH = YES;
				SDKROOT = iphoneos;
				SWIFT_ACTIVE_COMPILATION_CONDITIONS = DEBUG;
				SWIFT_OPTIMIZATION_LEVEL = "-Onone";
			};
			name = Debug;
		};
		C43783B623CD03E500B02D36 /* Release */ = {
			isa = XCBuildConfiguration;
			buildSettings = {
				ALWAYS_SEARCH_USER_PATHS = NO;
				CLANG_ANALYZER_NONNULL = YES;
				CLANG_ANALYZER_NUMBER_OBJECT_CONVERSION = YES_AGGRESSIVE;
				CLANG_CXX_LANGUAGE_STANDARD = "gnu++14";
				CLANG_CXX_LIBRARY = "libc++";
				CLANG_ENABLE_MODULES = YES;
				CLANG_ENABLE_OBJC_ARC = YES;
				CLANG_ENABLE_OBJC_WEAK = YES;
				CLANG_WARN_BLOCK_CAPTURE_AUTORELEASING = YES;
				CLANG_WARN_BOOL_CONVERSION = YES;
				CLANG_WARN_COMMA = YES;
				CLANG_WARN_CONSTANT_CONVERSION = YES;
				CLANG_WARN_DEPRECATED_OBJC_IMPLEMENTATIONS = YES;
				CLANG_WARN_DIRECT_OBJC_ISA_USAGE = YES_ERROR;
				CLANG_WARN_DOCUMENTATION_COMMENTS = YES;
				CLANG_WARN_EMPTY_BODY = YES;
				CLANG_WARN_ENUM_CONVERSION = YES;
				CLANG_WARN_INFINITE_RECURSION = YES;
				CLANG_WARN_INT_CONVERSION = YES;
				CLANG_WARN_NON_LITERAL_NULL_CONVERSION = YES;
				CLANG_WARN_OBJC_IMPLICIT_RETAIN_SELF = YES;
				CLANG_WARN_OBJC_LITERAL_CONVERSION = YES;
				CLANG_WARN_OBJC_ROOT_CLASS = YES_ERROR;
				CLANG_WARN_RANGE_LOOP_ANALYSIS = YES;
				CLANG_WARN_STRICT_PROTOTYPES = YES;
				CLANG_WARN_SUSPICIOUS_MOVE = YES;
				CLANG_WARN_UNGUARDED_AVAILABILITY = YES_AGGRESSIVE;
				CLANG_WARN_UNREACHABLE_CODE = YES;
				CLANG_WARN__DUPLICATE_METHOD_MATCH = YES;
				COPY_PHASE_STRIP = NO;
				DEBUG_INFORMATION_FORMAT = "dwarf-with-dsym";
				ENABLE_NS_ASSERTIONS = NO;
				ENABLE_STRICT_OBJC_MSGSEND = YES;
				GCC_C_LANGUAGE_STANDARD = gnu11;
				GCC_NO_COMMON_BLOCKS = YES;
				GCC_WARN_64_TO_32_BIT_CONVERSION = YES;
				GCC_WARN_ABOUT_RETURN_TYPE = YES_ERROR;
				GCC_WARN_UNDECLARED_SELECTOR = YES;
				GCC_WARN_UNINITIALIZED_AUTOS = YES_AGGRESSIVE;
				GCC_WARN_UNUSED_FUNCTION = YES;
				GCC_WARN_UNUSED_VARIABLE = YES;
				IPHONEOS_DEPLOYMENT_TARGET = 13.2;
				MTL_ENABLE_DEBUG_INFO = NO;
				MTL_FAST_MATH = YES;
				SDKROOT = iphoneos;
				SWIFT_COMPILATION_MODE = wholemodule;
				SWIFT_OPTIMIZATION_LEVEL = "-O";
				VALIDATE_PRODUCT = YES;
			};
			name = Release;
		};
		C43783B823CD03E500B02D36 /* Debug */ = {
			isa = XCBuildConfiguration;
			buildSettings = {
				ASSETCATALOG_COMPILER_APPICON_NAME = AppIcon;
				CODE_SIGN_STYLE = Automatic;
				DEVELOPMENT_TEAM = 6D2PJ2UC46;
				INFOPLIST_FILE = UserDefaults/Info.plist;
				LD_RUNPATH_SEARCH_PATHS = (
					"$(inherited)",
					"@executable_path/Frameworks",
				);
				PRODUCT_BUNDLE_IDENTIFIER = com.cameronrivera.UserDefaults;
				PRODUCT_NAME = "$(TARGET_NAME)";
				SWIFT_VERSION = 5.0;
				TARGETED_DEVICE_FAMILY = "1,2";
			};
			name = Debug;
		};
		C43783B923CD03E500B02D36 /* Release */ = {
			isa = XCBuildConfiguration;
			buildSettings = {
				ASSETCATALOG_COMPILER_APPICON_NAME = AppIcon;
				CODE_SIGN_STYLE = Automatic;
				DEVELOPMENT_TEAM = 6D2PJ2UC46;
				INFOPLIST_FILE = UserDefaults/Info.plist;
				LD_RUNPATH_SEARCH_PATHS = (
					"$(inherited)",
					"@executable_path/Frameworks",
				);
				PRODUCT_BUNDLE_IDENTIFIER = com.cameronrivera.UserDefaults;
				PRODUCT_NAME = "$(TARGET_NAME)";
				SWIFT_VERSION = 5.0;
				TARGETED_DEVICE_FAMILY = "1,2";
			};
			name = Release;
		};
		C43783BB23CD03E500B02D36 /* Debug */ = {
			isa = XCBuildConfiguration;
			buildSettings = {
				ALWAYS_EMBED_SWIFT_STANDARD_LIBRARIES = YES;
				BUNDLE_LOADER = "$(TEST_HOST)";
				CODE_SIGN_STYLE = Automatic;
				DEVELOPMENT_TEAM = 6D2PJ2UC46;
				INFOPLIST_FILE = UserDefaultsTests/Info.plist;
				IPHONEOS_DEPLOYMENT_TARGET = 13.2;
				LD_RUNPATH_SEARCH_PATHS = (
					"$(inherited)",
					"@executable_path/Frameworks",
					"@loader_path/Frameworks",
				);
				PRODUCT_BUNDLE_IDENTIFIER = com.cameronrivera.UserDefaultsTests;
				PRODUCT_NAME = "$(TARGET_NAME)";
				SWIFT_VERSION = 5.0;
				TARGETED_DEVICE_FAMILY = "1,2";
				TEST_HOST = "$(BUILT_PRODUCTS_DIR)/UserDefaults.app/UserDefaults";
			};
			name = Debug;
		};
		C43783BC23CD03E500B02D36 /* Release */ = {
			isa = XCBuildConfiguration;
			buildSettings = {
				ALWAYS_EMBED_SWIFT_STANDARD_LIBRARIES = YES;
				BUNDLE_LOADER = "$(TEST_HOST)";
				CODE_SIGN_STYLE = Automatic;
				DEVELOPMENT_TEAM = 6D2PJ2UC46;
				INFOPLIST_FILE = UserDefaultsTests/Info.plist;
				IPHONEOS_DEPLOYMENT_TARGET = 13.2;
				LD_RUNPATH_SEARCH_PATHS = (
					"$(inherited)",
					"@executable_path/Frameworks",
					"@loader_path/Frameworks",
				);
				PRODUCT_BUNDLE_IDENTIFIER = com.cameronrivera.UserDefaultsTests;
				PRODUCT_NAME = "$(TARGET_NAME)";
				SWIFT_VERSION = 5.0;
				TARGETED_DEVICE_FAMILY = "1,2";
				TEST_HOST = "$(BUILT_PRODUCTS_DIR)/UserDefaults.app/UserDefaults";
			};
			name = Release;
		};
/* End XCBuildConfiguration section */

/* Begin XCConfigurationList section */
		C437839323CD03E300B02D36 /* Build configuration list for PBXProject "UserDefaults" */ = {
			isa = XCConfigurationList;
			buildConfigurations = (
				C43783B523CD03E500B02D36 /* Debug */,
				C43783B623CD03E500B02D36 /* Release */,
			);
			defaultConfigurationIsVisible = 0;
			defaultConfigurationName = Release;
		};
		C43783B723CD03E500B02D36 /* Build configuration list for PBXNativeTarget "UserDefaults" */ = {
			isa = XCConfigurationList;
			buildConfigurations = (
				C43783B823CD03E500B02D36 /* Debug */,
				C43783B923CD03E500B02D36 /* Release */,
			);
			defaultConfigurationIsVisible = 0;
			defaultConfigurationName = Release;
		};
		C43783BA23CD03E500B02D36 /* Build configuration list for PBXNativeTarget "UserDefaultsTests" */ = {
			isa = XCConfigurationList;
			buildConfigurations = (
				C43783BB23CD03E500B02D36 /* Debug */,
				C43783BC23CD03E500B02D36 /* Release */,
			);
			defaultConfigurationIsVisible = 0;
			defaultConfigurationName = Release;
		};
/* End XCConfigurationList section */
	};
	rootObject = C437839023CD03E300B02D36 /* Project object */;
}
